
Microsoft Visual Studio Solution File, Format Version 12.00
# Visual Studio Version 16
VisualStudioVersion = 16.0.31112.23
MinimumVisualStudioVersion = 10.0.40219.1
Project("{9A19103F-16F7-4668-BE54-9A1E7A4F7556}") = "ConsoleFileManager", "ConsoleFileManager\ConsoleFileManager.csproj", "{B0FCE146-0685-4B96-8452-14A274CF5DB3}"
EndProject
Project("{9A19103F-16F7-4668-BE54-9A1E7A4F7556}") = "ClassLibrary", "ClassLibrary\ClassLibrary.csproj", "{D4E58AB1-5096-4953-A3DC-2DFF3C9A9579}"
EndProject
Project("{FAE04EC0-301F-11D3-BF4B-00C04F79EFBC}") = "ReportingLib", "ReportingLib\ReportingLib.csproj", "{9F2C6BD6-0DC1-4463-BF11-AB3D6C8C72DD}"
EndProject
Global
	GlobalSection(SolutionConfigurationPlatforms) = preSolution
		Debug|Any CPU = Debug|Any CPU
		Release|Any CPU = Release|Any CPU
	EndGlobalSection
	GlobalSection(ProjectConfigurationPlatforms) = postSolution
		{B0FCE146-0685-4B96-8452-14A274CF5DB3}.Debug|Any CPU.ActiveCfg = Debug|Any CPU
		{B0FCE146-0685-4B96-8452-14A274CF5DB3}.Debug|Any CPU.Build.0 = Debug|Any CPU
		{B0FCE146-0685-4B96-8452-14A274CF5DB3}.Release|Any CPU.ActiveCfg = Release|Any CPU
		{B0FCE146-0685-4B96-8452-14A274CF5DB3}.Release|Any CPU.Build.0 = Release|Any CPU
		{D4E58AB1-5096-4953-A3DC-2DFF3C9A9579}.Debug|Any CPU.ActiveCfg = Debug|Any CPU
		{D4E58AB1-5096-4953-A3DC-2DFF3C9A9579}.Debug|Any CPU.Build.0 = Debug|Any CPU
		{D4E58AB1-5096-4953-A3DC-2DFF3C9A9579}.Release|Any CPU.ActiveCfg = Release|Any CPU
		{D4E58AB1-5096-4953-A3DC-2DFF3C9A9579}.Release|Any CPU.Build.0 = Release|Any CPU
		{9F2C6BD6-0DC1-4463-BF11-AB3D6C8C72DD}.Debug|Any CPU.ActiveCfg = Debug|Any CPU
		{9F2C6BD6-0DC1-4463-BF11-AB3D6C8C72DD}.Debug|Any CPU.Build.0 = Debug|Any CPU
		{9F2C6BD6-0DC1-4463-BF11-AB3D6C8C72DD}.Release|Any CPU.ActiveCfg = Release|Any CPU
		{9F2C6BD6-0DC1-4463-BF11-AB3D6C8C72DD}.Release|Any CPU.Build.0 = Release|Any CPU
	EndGlobalSection
	GlobalSection(SolutionProperties) = preSolution
		HideSolutionNode = FALSE
	EndGlobalSection
	GlobalSection(ExtensibilityGlobals) = postSolution
		SolutionGuid = {569A8033-BADC-4C0B-9C92-D0E5FDC6E51B}
	EndGlobalSection
EndGlobal
